
Microsoft Visual Studio Solution File, Format Version 12.00
# Visual Studio Version 16
VisualStudioVersion = 16.0.32106.194
MinimumVisualStudioVersion = 10.0.40219.1
Project("{FAE04EC0-301F-11D3-BF4B-00C04F79EFBC}") = "LeitorDeTexto", "LeitorDeTexto\LeitorDeTexto.csproj", "{F54C044A-A616-4234-9F83-CEAE50AB1D55}"
EndProject
Global
	GlobalSection(SolutionConfigurationPlatforms) = preSolution
		Debug|Any CPU = Debug|Any CPU
		Release|Any CPU = Release|Any CPU
	EndGlobalSection
	GlobalSection(ProjectConfigurationPlatforms) = postSolution
		{F54C044A-A616-4234-9F83-CEAE50AB1D55}.Debug|Any CPU.ActiveCfg = Debug|Any CPU
		{F54C044A-A616-4234-9F83-CEAE50AB1D55}.Debug|Any CPU.Build.0 = Debug|Any CPU
		{F54C044A-A616-4234-9F83-CEAE50AB1D55}.Release|Any CPU.ActiveCfg = Release|Any CPU
		{F54C044A-A616-4234-9F83-CEAE50AB1D55}.Release|Any CPU.Build.0 = Release|Any CPU
	EndGlobalSection
	GlobalSection(SolutionProperties) = preSolution
		HideSolutionNode = FALSE
	EndGlobalSection
	GlobalSection(ExtensibilityGlobals) = postSolution
		SolutionGuid = {73FF21C6-5300-49C1-AC31-6F8983620234}
	EndGlobalSection
EndGlobal
